lockfileVersion: '9.0'

settings:
  autoInstallPeers: true
  excludeLinksFromLockfile: false

importers:
  .:
    dependencies:
      '@hyperupcall/config-utils':
        specifier: ^0.5.0
        version: 0.5.0
    devDependencies:
      '@types/node':
        specifier: ^25.0.6
        version: 25.0.6
      prettier:
        specifier: ^3.7.4
        version: 3.7.4
      prettier-plugin-pkg:
        specifier: ^0.21.2
        version: 0.21.2(prettier@3.7.4)
      typescript:
        specifier: ^5.9.3
        version: 5.9.3

  ..: {}

  ../config-utils:
    devDependencies:
      '@hyperupcall/prettier-config':
        specifier: ^0.9.1
        version: 0.9.1
      '@types/node':
        specifier: ^25.0.6
        version: 25.0.6
      prettier:
        specifier: ^3.7.4
        version: 3.7.4
      prettier-plugin-pkg:
        specifier: ^0.21.2
        version: 0.21.2(prettier@3.7.4)
      typescript:
        specifier: ^5.9.3
        version: 5.9.3

  ../eslint-config:
    dependencies:
      '@eslint-community/eslint-plugin-eslint-comments':
        specifier: '>=4.0.0'
        version: 4.5.0(eslint@9.39.2)
      '@eslint/css':
        specifier: '>=0.5.0'
        version: 0.13.0
      '@eslint/js':
        specifier: '>=9.0.0'
        version: 9.39.2
      '@eslint/json':
        specifier: '>=0.11.0'
        version: 0.13.2
      eslint:
        specifier: ^9.0.0
        version: 9.39.2
      eslint-config-prettier:
        specifier: '>=9.1.0'
        version: 10.1.8(eslint@9.39.2)
      eslint-plugin-n:
        specifier: '>=17.0.0'
        version: 17.23.1(eslint@9.39.2)(typescript@5.9.3)
      eslint-plugin-no-unsanitized:
        specifier: '>=4.0.0'
        version: 4.1.4(eslint@9.39.2)
      eslint-plugin-perfectionist:
        specifier: '>=3.0.0'
        version: 4.15.1(eslint@9.39.2)(typescript@5.9.3)
      eslint-plugin-promise:
        specifier: '>=7.0.0'
        version: 7.2.1(eslint@9.39.2)
      eslint-plugin-regexp:
        specifier: '>=2.0.0'
        version: 2.10.0(eslint@9.39.2)
      eslint-plugin-security:
        specifier: '>=3.0.0'
        version: 3.0.1
      eslint-plugin-unicorn:
        specifier: '>=55.0.0'
        version: 61.0.2(eslint@9.39.2)
      globals:
        specifier: ^16.0.0
        version: 16.5.0
    devDependencies:
      '@eslint/config-helpers':
        specifier: ^0.2.2
        version: 0.2.3
      '@eslint/markdown':
        specifier: ^6.4.0
        version: 6.6.0
      '@hyperupcall/eslint-config':
        specifier: ^1.2.0
        version: 'link:'
      '@hyperupcall/markdownlint-config':
        specifier: ^0.3.2
        version: link:../markdownlint-config
      '@hyperupcall/prettier-config':
        specifier: ^0.9.1
        version: 0.9.1
      '@rollup/plugin-node-resolve':
        specifier: ^16.0.1
        version: 16.0.3(rollup@4.55.1)
      '@types/node':
        specifier: ^22.15.17
        version: 22.19.5
      eslint-plugin-import-x:
        specifier: ^4.11.1
        version: 4.16.1(@typescript-eslint/utils@8.52.0(eslint@9.39.2)(typescript@5.9.3))(eslint@9.39.2)
      markdownlint:
        specifier: ^0.37.4
        version: 0.37.4
      prettier:
        specifier: ^3.5.3
        version: 3.7.4
      prettier-plugin-pkg:
        specifier: ^0.18.1
        version: 0.18.1(prettier@3.7.4)
      rollup:
        specifier: ^4.36.0
        version: 4.55.1
      typescript:
        specifier: ^5.8.2
        version: 5.9.3

  ../eslint-plugin:
    dependencies:
      eslint:
        specifier: '>= 8'
        version: 9.39.2

  ../markdownlint-config:
    devDependencies:
      '@hyperupcall/eslint-config':
        specifier: ^0.6.0
        version: 0.6.0(eslint-config-prettier@9.1.2(eslint@8.57.1))(eslint@8.57.1)
      '@hyperupcall/prettier-config':
        specifier: ^0.7.0
        version: 0.7.0
      eslint:
        specifier: ^8.54.0
        version: 8.57.1
      eslint-config-prettier:
        specifier: ^9.0.0
        version: 9.1.2(eslint@8.57.1)
      prettier:
        specifier: ^3.7.4
        version: 3.7.4
      prettier-plugin-pkg:
        specifier: ^0.18.0
        version: 0.18.1(prettier@3.7.4)

  ../scripts-nodejs:
    dependencies:
      '@eslint-community/eslint-plugin-eslint-comments':
        specifier: ^4.5.0
        version: 4.5.0(eslint@9.39.2)
      '@eslint/css':
        specifier: ^0.13.0
        version: 0.13.0
      '@eslint/js':
        specifier: ^9.38.0
        version: 9.39.2
      '@eslint/json':
        specifier: ^0.13.2
        version: 0.13.2
      '@eslint/markdown':
        specifier: ^7.4.1
        version: 7.5.1
      '@hyperupcall/eslint-config':
        specifier: ^1.4.1
        version: link:../eslint-config
      '@hyperupcall/prettier-config':
        specifier: ^0.9.1
        version: 0.9.1
      eslint:
        specifier: ^9.38.0
        version: 9.39.2
      eslint-config-prettier:
        specifier: ^10.1.8
        version: 10.1.8(eslint@9.39.2)
      eslint-plugin-import-x:
        specifier: ^4.16.1
        version: 4.16.1(@typescript-eslint/utils@8.52.0(eslint@9.39.2)(typescript@5.9.3))(eslint@9.39.2)
      eslint-plugin-markdown:
        specifier: ^5.1.0
        version: 5.1.0(eslint@9.39.2)
      eslint-plugin-mdx:
        specifier: ^3.6.2
        version: 3.6.2(eslint@9.39.2)
      eslint-plugin-n:
        specifier: ^17.23.1
        version: 17.23.1(eslint@9.39.2)(typescript@5.9.3)
      eslint-plugin-no-unsanitized:
        specifier: ^4.1.4
        version: 4.1.4(eslint@9.39.2)
      eslint-plugin-perfectionist:
        specifier: ^4.15.1
        version: 4.15.1(eslint@9.39.2)(typescript@5.9.3)
      eslint-plugin-promise:
        specifier: ^7.2.1
        version: 7.2.1(eslint@9.39.2)
      eslint-plugin-regexp:
        specifier: ^2.10.0
        version: 2.10.0(eslint@9.39.2)
      eslint-plugin-security:
        specifier: ^3.0.1
        version: 3.0.1
      eslint-plugin-unicorn:
        specifier: ^61.0.2
        version: 61.0.2(eslint@9.39.2)
      prettier:
        specifier: ^3.6.2
        version: 3.7.4
      prettier-plugin-pkg:
        specifier: ^0.21.2
        version: 0.21.2(prettier@3.7.4)
    devDependencies:
      '@types/node':
        specifier: ^24.9.1
        version: 24.10.7
      typescript:
        specifier: ^5.9.3
        version: 5.9.3

  ../stylelint-config:
    dependencies:
      stylelint-config-standard:
        specifier: ^26.0.0
        version: 26.0.0(stylelint@14.16.1)
    devDependencies:
      stylelint:
        specifier: ^14.9.1
        version: 14.16.1

  ../stylelint-plugin:
    dependencies:
      stylelint:
        specifier: ^7.0.0 || ^8.0.0
        version: 8.4.0

  ../test-space:
    dependencies:
      '@hyperupcall/prettier-config':
        specifier: workspace:^
        version: link:../prettier-config

packages:
  '@hyperupcall/config-utils@0.4.0':
    resolution:
      {
        integrity: sha512-EhKjgJChTmd/yplvqno7r3b13US0u0QzBxUCEyQ4jqKm/gSl2eYD3XlbnVGLjFzf8pg72cf3DwSg6Cy7G4Q6ag==,
      }

  '@hyperupcall/config-utils@0.5.0':
    resolution:
      {
        integrity: sha512-pG8li00dALBCjCv7CrO9HMMBlwHUWkpookNNddJQTTpsJUSLkrGFdw49cRDpTEIAldgioYGVhekFQ8i+istO1g==,
      }

  '@hyperupcall/prettier-config@0.9.1':
    resolution:
      {
        integrity: sha512-PTHQ6Hd2YKE1RbWgpAOJg1kI83Alx2ULFJZU+eMhr59DUbgezwFyQUkXw+aVCbSQjFCEF7C/frNW5oyz3G5rXA==,
      }

  '@types/node@25.0.6':
    resolution:
      {
        integrity: sha512-NNu0sjyNxpoiW3YuVFfNz7mxSQ+S4X2G28uqg2s+CzoqoQjLPsWSbsFFyztIAqt2vb8kfEAsJNepMGPTxFDx3Q==,
      }

  prettier-plugin-pkg@0.21.2:
    resolution:
      {
        integrity: sha512-CSlM5+51B7yTKcoRWT4M3ImcdFHD5NUz0Xu2t8J03B761zu6J3BjSo/XleKp2kB0tH49K7oG5Uuqn6ldI5LRLg==,
      }
    engines: { node: ^14.18.0 || >=16.0.0 }
    peerDependencies:
      prettier: ^3.0.3

  prettier@3.7.4:
    resolution:
      {
        integrity: sha512-v6UNi1+3hSlVvv8fSaoUbggEM5VErKmmpGA7Pl3HF8V6uKY7rvClBOJlH6yNwQtfTueNkGVpOv/mtWL9L4bgRA==,
      }
    engines: { node: '>=14' }
    hasBin: true

  typescript@5.9.3:
    resolution:
      {
        integrity: sha512-jl1vZzPDinLr9eUt3J/t7V6FgNEw9QjvBPdysz9KfQDD41fQrC2Y4vKQdiaUpFT4bXlb1RHhLpp8wtm6M5TgSw==,
      }
    engines: { node: '>=14.17' }
    hasBin: true

  undici-types@7.16.0:
    resolution:
      {
        integrity: sha512-Zz+aZWSj8LE6zoxD+xrjh4VfkIG8Ya6LvYkZqtUQGJPZjYl53ypCaUwWqo7eI0x66KBGeRo+mlBEkMSeSZ38Nw==,
      }

snapshots:
  '@hyperupcall/config-utils@0.4.0': {}

  '@hyperupcall/config-utils@0.5.0': {}

  '@hyperupcall/prettier-config@0.9.1':
    dependencies:
      '@hyperupcall/config-utils': 0.4.0

  '@types/node@25.0.6':
    dependencies:
      undici-types: 7.16.0

  prettier-plugin-pkg@0.21.2(prettier@3.7.4):
    dependencies:
      prettier: 3.7.4

  prettier@3.7.4: {}

  typescript@5.9.3: {}

  undici-types@7.16.0: {}
